// !$*UTF8*$!
{
	archiveVersion = 1;
	classes = {
	};
	objectVersion = 77;
	objects = {

/* Begin PBXBuildFile section */
		11CB6DA3EB985C6BC4F34535 /* Delete.swift in Sources */ = {isa = PBXBuildFile; fileRef = DE068D882A088571281101D0 /* Delete.swift */; };
		21A4A75C7F50E50DA8213556 /* Info.swift in Sources */ = {isa = PBXBuildFile; fileRef = 4126B01F860CB4A427613EB6 /* Info.swift */; };
		21E98A27BEA920BA59362F20 /* NTFSCore in Frameworks */ = {isa = PBXBuildFile; productRef = 387AA4DBE0FBBEF7BD24A6E7 /* NTFSCore */; };
		33BEF93E7789FE406DC41CEB /* NTFSCore in Frameworks */ = {isa = PBXBuildFile; productRef = 361533FD035B11636B2B68D5 /* NTFSCore */; };
		4132D3E45E6226359DF28725 /* NTFSUnaryFS.swift in Sources */ = {isa = PBXBuildFile; fileRef = 43ACC1740AE27F5F1F244E0A /* NTFSUnaryFS.swift */; };
		432DE1CA11DF1A500A0E8121 /* NTFSCore in Frameworks */ = {isa = PBXBuildFile; productRef = EED6039FC9F604323FFB010D /* NTFSCore */; };
		4C09369A721D561465BF074A /* MenuBarContent.swift in Sources */ = {isa = PBXBuildFile; fileRef = 138AC53F11BB4630926D3661 /* MenuBarContent.swift */; };
		53A681659B3739644B432A50 /* Truncate.swift in Sources */ = {isa = PBXBuildFile; fileRef = 62C008E3A77CB7E1A8D38487 /* Truncate.swift */; };
		54C39871604C2B9CAAB241C4 /* NTFSMountManagerApp.swift in Sources */ = {isa = PBXBuildFile; fileRef = 8A06B00FBFD00329D5A6271B /* NTFSMountManagerApp.swift */; };
		55282FEDBAEF76F7172E5825 /* SetDirty.swift in Sources */ = {isa = PBXBuildFile; fileRef = 8DE33D7BA5684962834C762F /* SetDirty.swift */; };
		5F4936483FEF4613A8864F81 /* Create.swift in Sources */ = {isa = PBXBuildFile; fileRef = 8FFA3E28642F4967D00BBD28 /* Create.swift */; };
		7D4143F793CD345F7651B4B1 /* NTFSVolume.swift in Sources */ = {isa = PBXBuildFile; fileRef = C75C6BD0D55718C3D2C6636E /* NTFSVolume.swift */; };
		83C5AB393704602915008B48 /* FSKit.framework in Frameworks */ = {isa = PBXBuildFile; fileRef = 9C014D4357F452F985A593B1 /* FSKit.framework */; };
		84561F4715F1DFA581FFB5D8 /* NTFSFileSystem.systemextension in Embed System Extensions */ = {isa = PBXBuildFile; fileRef = 82C835EDEC051811DFD41412 /* NTFSFileSystem.systemextension */; settings = {ATTRIBUTES = (CodeSignOnCopy, RemoveHeadersOnCopy, ); }; };
		92E011B65ECD2625CB91AB5D /* ContentView.swift in Sources */ = {isa = PBXBuildFile; fileRef = 5684F8D00837370737BB2555 /* ContentView.swift */; };
		A283CF3E3376BC4686313635 /* Verify.swift in Sources */ = {isa = PBXBuildFile; fileRef = 20E22577EA73CB6742243E11 /* Verify.swift */; };
		A9E17066DF075F9BA303EAA2 /* NTFSItem.swift in Sources */ = {isa = PBXBuildFile; fileRef = F82499EDC514F10F561B7784 /* NTFSItem.swift */; };
		AFE66833D21DBA777309099F /* ntfsctl.swift in Sources */ = {isa = PBXBuildFile; fileRef = D05B381FF347C123E61FD621 /* ntfsctl.swift */; };
		B2FACFD1EEA0B776368CEC67 /* List.swift in Sources */ = {isa = PBXBuildFile; fileRef = 1B9DB06823B01F8100989970 /* List.swift */; };
		B5F713B3EF1B7FD8B544453A /* DiskArbitrationService.swift in Sources */ = {isa = PBXBuildFile; fileRef = 73008A4D59B8067B1CA81290 /* DiskArbitrationService.swift */; };
		B9751912CAE0F2EA9A170F9E /* FSKitBlockDevice.swift in Sources */ = {isa = PBXBuildFile; fileRef = 70058C05F3A85D9768072D8D /* FSKitBlockDevice.swift */; };
		BBB98DE04B189933E57E523D /* Cat.swift in Sources */ = {isa = PBXBuildFile; fileRef = 2BFE6DBA53BC4D0A7D706F25 /* Cat.swift */; };
		CFB3B74CC0B795207981A6FC /* NTFSFileSystemExtension.swift in Sources */ = {isa = PBXBuildFile; fileRef = D34EBA7D491228AEC9008277 /* NTFSFileSystemExtension.swift */; };
		E85B1CC3E363F5D622512C91 /* ExtensionInstaller.swift in Sources */ = {isa = PBXBuildFile; fileRef = 00C24B0CF6BEA09D956D2D99 /* ExtensionInstaller.swift */; };
		EF91959587345A62A4C6F9C7 /* ArgumentParser in Frameworks */ = {isa = PBXBuildFile; productRef = 5FC03FBDA32B2A2E0CBB6A46 /* ArgumentParser */; };
		F53D207E8209413C3BDB1B68 /* Write.swift in Sources */ = {isa = PBXBuildFile; fileRef = 82E0F813FDD6E122C9D24085 /* Write.swift */; };
/* End PBXBuildFile section */

/* Begin PBXContainerItemProxy section */
		5B8B4FFEACFBB632847119D9 /* PBXContainerItemProxy */ = {
			isa = PBXContainerItemProxy;
			containerPortal = E8487B47CC02CDDF6EA34958 /* Project object */;
			proxyType = 1;
			remoteGlobalIDString = C999CC268F92FFEAC8204988;
			remoteInfo = NTFSFileSystem;
		};
/* End PBXContainerItemProxy section */

/* Begin PBXCopyFilesBuildPhase section */
		C36CB797B70AB6276C43728D /* Embed System Extensions */ = {
			isa = PBXCopyFilesBuildPhase;
			buildActionMask = 2147483647;
			dstPath = "$(SYSTEM_EXTENSIONS_FOLDER_PATH)";
			dstSubfolderSpec = 16;
			files = (
				84561F4715F1DFA581FFB5D8 /* NTFSFileSystem.systemextension in Embed System Extensions */,
			);
			name = "Embed System Extensions";
			runOnlyForDeploymentPostprocessing = 0;
		};
/* End PBXCopyFilesBuildPhase section */

/* Begin PBXFileReference section */
		00C24B0CF6BEA09D956D2D99 /* ExtensionInstaller.swift */ = {isa = PBXFileReference; lastKnownFileType = sourcecode.swift; path = ExtensionInstaller.swift; sourceTree = "<group>"; };
		09D3FC8C31A4FC193F55D32C /* ntfsctl */ = {isa = PBXFileReference; includeInIndex = 0; path = ntfsctl; sourceTree = BUILT_PRODUCTS_DIR; };
		138AC53F11BB4630926D3661 /* MenuBarContent.swift */ = {isa = PBXFileReference; lastKnownFileType = sourcecode.swift; path = MenuBarContent.swift; sourceTree = "<group>"; };
		1B9DB06823B01F8100989970 /* List.swift */ = {isa = PBXFileReference; lastKnownFileType = sourcecode.swift; path = List.swift; sourceTree = "<group>"; };
		20E22577EA73CB6742243E11 /* Verify.swift */ = {isa = PBXFileReference; lastKnownFileType = sourcecode.swift; path = Verify.swift; sourceTree = "<group>"; };
		2BFE6DBA53BC4D0A7D706F25 /* Cat.swift */ = {isa = PBXFileReference; lastKnownFileType = sourcecode.swift; path = Cat.swift; sourceTree = "<group>"; };
		4126B01F860CB4A427613EB6 /* Info.swift */ = {isa = PBXFileReference; lastKnownFileType = sourcecode.swift; path = Info.swift; sourceTree = "<group>"; };
		43ACC1740AE27F5F1F244E0A /* NTFSUnaryFS.swift */ = {isa = PBXFileReference; lastKnownFileType = sourcecode.swift; path = NTFSUnaryFS.swift; sourceTree = "<group>"; };
		4CC62877FC7ADECC37C4FC47 /* NTFSCore */ = {isa = PBXFileReference; lastKnownFileType = folder; name = NTFSCore; path = Packages/NTFSCore; sourceTree = SOURCE_ROOT; };
		5684F8D00837370737BB2555 /* ContentView.swift */ = {isa = PBXFileReference; lastKnownFileType = sourcecode.swift; path = ContentView.swift; sourceTree = "<group>"; };
		62C008E3A77CB7E1A8D38487 /* Truncate.swift */ = {isa = PBXFileReference; lastKnownFileType = sourcecode.swift; path = Truncate.swift; sourceTree = "<group>"; };
		70058C05F3A85D9768072D8D /* FSKitBlockDevice.swift */ = {isa = PBXFileReference; lastKnownFileType = sourcecode.swift; path = FSKitBlockDevice.swift; sourceTree = "<group>"; };
		73008A4D59B8067B1CA81290 /* DiskArbitrationService.swift */ = {isa = PBXFileReference; lastKnownFileType = sourcecode.swift; path = DiskArbitrationService.swift; sourceTree = "<group>"; };
		82C835EDEC051811DFD41412 /* NTFSFileSystem.systemextension */ = {isa = PBXFileReference; explicitFileType = "wrapper.system-extension"; includeInIndex = 0; path = NTFSFileSystem.systemextension; sourceTree = BUILT_PRODUCTS_DIR; };
		82E0F813FDD6E122C9D24085 /* Write.swift */ = {isa = PBXFileReference; lastKnownFileType = sourcecode.swift; path = Write.swift; sourceTree = "<group>"; };
		8A06B00FBFD00329D5A6271B /* NTFSMountManagerApp.swift */ = {isa = PBXFileReference; lastKnownFileType = sourcecode.swift; path = NTFSMountManagerApp.swift; sourceTree = "<group>"; };
		8DE33D7BA5684962834C762F /* SetDirty.swift */ = {isa = PBXFileReference; lastKnownFileType = sourcecode.swift; path = SetDirty.swift; sourceTree = "<group>"; };
		8FFA3E28642F4967D00BBD28 /* Create.swift */ = {isa = PBXFileReference; lastKnownFileType = sourcecode.swift; path = Create.swift; sourceTree = "<group>"; };
		9C014D4357F452F985A593B1 /* FSKit.framework */ = {isa = PBXFileReference; lastKnownFileType = wrapper.framework; name = FSKit.framework; path = System/Library/Frameworks/FSKit.framework; sourceTree = SDKROOT; };
		C75C6BD0D55718C3D2C6636E /* NTFSVolume.swift */ = {isa = PBXFileReference; lastKnownFileType = sourcecode.swift; path = NTFSVolume.swift; sourceTree = "<group>"; };
		D05B381FF347C123E61FD621 /* ntfsctl.swift */ = {isa = PBXFileReference; lastKnownFileType = sourcecode.swift; path = ntfsctl.swift; sourceTree = "<group>"; };
		D34EBA7D491228AEC9008277 /* NTFSFileSystemExtension.swift */ = {isa = PBXFileReference; lastKnownFileType = sourcecode.swift; path = NTFSFileSystemExtension.swift; sourceTree = "<group>"; };
		D95B833D3F9CBB00BD401B92 /* NTFSMountManager.app */ = {isa = PBXFileReference; explicitFileType = wrapper.application; includeInIndex = 0; path = NTFSMountManager.app; sourceTree = BUILT_PRODUCTS_DIR; };
		DE068D882A088571281101D0 /* Delete.swift */ = {isa = PBXFileReference; lastKnownFileType = sourcecode.swift; path = Delete.swift; sourceTree = "<group>"; };
		F82499EDC514F10F561B7784 /* NTFSItem.swift */ = {isa = PBXFileReference; lastKnownFileType = sourcecode.swift; path = NTFSItem.swift; sourceTree = "<group>"; };
/* End PBXFileReference section */

/* Begin PBXFrameworksBuildPhase section */
		147C21B3D1C8D043C46FF568 /* Frameworks */ = {
			isa = PBXFrameworksBuildPhase;
			buildActionMask = 2147483647;
			files = (
				21E98A27BEA920BA59362F20 /* NTFSCore in Frameworks */,
			);
			runOnlyForDeploymentPostprocessing = 0;
		};
		6E230F67184CEC70CC8E174C /* Frameworks */ = {
			isa = PBXFrameworksBuildPhase;
			buildActionMask = 2147483647;
			files = (
				432DE1CA11DF1A500A0E8121 /* NTFSCore in Frameworks */,
				83C5AB393704602915008B48 /* FSKit.framework in Frameworks */,
			);
			runOnlyForDeploymentPostprocessing = 0;
		};
		A257354331660F691E77AA7D /* Frameworks */ = {
			isa = PBXFrameworksBuildPhase;
			buildActionMask = 2147483647;
			files = (
				33BEF93E7789FE406DC41CEB /* NTFSCore in Frameworks */,
				EF91959587345A62A4C6F9C7 /* ArgumentParser in Frameworks */,
			);
			runOnlyForDeploymentPostprocessing = 0;
		};
/* End PBXFrameworksBuildPhase section */

/* Begin PBXGroup section */
		0EE4872174B6EC025B36B5C6 /* Apps */ = {
			isa = PBXGroup;
			children = (
				9D81B4BB22FB4FF78E8C6A83 /* NTFSMountManager */,
			);
			path = Apps;
			sourceTree = "<group>";
		};
		1C55BA2A8B7819E8A7714BF8 /* Extensions */ = {
			isa = PBXGroup;
			children = (
				8D62129F707305A5EE57C591 /* NTFSFileSystem */,
			);
			path = Extensions;
			sourceTree = "<group>";
		};
		1D277ED2F0C730E6AD914DB3 /* Sources */ = {
			isa = PBXGroup;
			children = (
				5684F8D00837370737BB2555 /* ContentView.swift */,
				73008A4D59B8067B1CA81290 /* DiskArbitrationService.swift */,
				00C24B0CF6BEA09D956D2D99 /* ExtensionInstaller.swift */,
				138AC53F11BB4630926D3661 /* MenuBarContent.swift */,
				8A06B00FBFD00329D5A6271B /* NTFSMountManagerApp.swift */,
			);
			path = Sources;
			sourceTree = "<group>";
		};
		272ED651801774056685C147 = {
			isa = PBXGroup;
			children = (
				0EE4872174B6EC025B36B5C6 /* Apps */,
				1C55BA2A8B7819E8A7714BF8 /* Extensions */,
				3EB674BBB3EF2D83BD06DA8C /* Packages */,
				624293EBA70027E7DABA339B /* Tools */,
				35304404C6628BA50DC41BAD /* Frameworks */,
				82BFF7C6E0671CB1D5FF1B9C /* Products */,
			);
			sourceTree = "<group>";
		};
		35304404C6628BA50DC41BAD /* Frameworks */ = {
			isa = PBXGroup;
			children = (
				9C014D4357F452F985A593B1 /* FSKit.framework */,
			);
			name = Frameworks;
			sourceTree = "<group>";
		};
		3EB674BBB3EF2D83BD06DA8C /* Packages */ = {
			isa = PBXGroup;
			children = (
				4CC62877FC7ADECC37C4FC47 /* NTFSCore */,
			);
			path = Packages;
			sourceTree = "<group>";
		};
		42969D12D89E4C6C1F2ED025 /* Sources */ = {
			isa = PBXGroup;
			children = (
				70058C05F3A85D9768072D8D /* FSKitBlockDevice.swift */,
				D34EBA7D491228AEC9008277 /* NTFSFileSystemExtension.swift */,
				F82499EDC514F10F561B7784 /* NTFSItem.swift */,
				43ACC1740AE27F5F1F244E0A /* NTFSUnaryFS.swift */,
				C75C6BD0D55718C3D2C6636E /* NTFSVolume.swift */,
			);
			path = Sources;
			sourceTree = "<group>";
		};
		624293EBA70027E7DABA339B /* Tools */ = {
			isa = PBXGroup;
			children = (
				C903328DD9BD85CBEBFB87BC /* ntfsctl */,
			);
			path = Tools;
			sourceTree = "<group>";
		};
		7A3A362088FBA7905C508356 /* ntfsctl */ = {
			isa = PBXGroup;
			children = (
				2BFE6DBA53BC4D0A7D706F25 /* Cat.swift */,
				8FFA3E28642F4967D00BBD28 /* Create.swift */,
				DE068D882A088571281101D0 /* Delete.swift */,
				4126B01F860CB4A427613EB6 /* Info.swift */,
				1B9DB06823B01F8100989970 /* List.swift */,
				D05B381FF347C123E61FD621 /* ntfsctl.swift */,
				8DE33D7BA5684962834C762F /* SetDirty.swift */,
				62C008E3A77CB7E1A8D38487 /* Truncate.swift */,
				20E22577EA73CB6742243E11 /* Verify.swift */,
				82E0F813FDD6E122C9D24085 /* Write.swift */,
			);
			path = ntfsctl;
			sourceTree = "<group>";
		};
		82BFF7C6E0671CB1D5FF1B9C /* Products */ = {
			isa = PBXGroup;
			children = (
				09D3FC8C31A4FC193F55D32C /* ntfsctl */,
				82C835EDEC051811DFD41412 /* NTFSFileSystem.systemextension */,
				D95B833D3F9CBB00BD401B92 /* NTFSMountManager.app */,
			);
			name = Products;
			sourceTree = "<group>";
		};
		8760F97F8A4349FA63784E71 /* Sources */ = {
			isa = PBXGroup;
			children = (
				7A3A362088FBA7905C508356 /* ntfsctl */,
			);
			path = Sources;
			sourceTree = "<group>";
		};
		8D62129F707305A5EE57C591 /* NTFSFileSystem */ = {
			isa = PBXGroup;
			children = (
				42969D12D89E4C6C1F2ED025 /* Sources */,
			);
			path = NTFSFileSystem;
			sourceTree = "<group>";
		};
		9D81B4BB22FB4FF78E8C6A83 /* NTFSMountManager */ = {
			isa = PBXGroup;
			children = (
				1D277ED2F0C730E6AD914DB3 /* Sources */,
			);
			path = NTFSMountManager;
			sourceTree = "<group>";
		};
		C903328DD9BD85CBEBFB87BC /* ntfsctl */ = {
			isa = PBXGroup;
			children = (
				8760F97F8A4349FA63784E71 /* Sources */,
			);
			path = ntfsctl;
			sourceTree = "<group>";
		};
/* End PBXGroup section */

/* Begin PBXNativeTarget section */
		1AE32544B7D0BD9E664FC9FE /* NTFSMountManager */ = {
			isa = PBXNativeTarget;
			buildConfigurationList = F8D917B78E23EE092A9ABE6B /* Build configuration list for PBXNativeTarget "NTFSMountManager" */;
			buildPhases = (
				62ABB4C4B000DD4B44FFC12B /* Sources */,
				147C21B3D1C8D043C46FF568 /* Frameworks */,
				C36CB797B70AB6276C43728D /* Embed System Extensions */,
			);
			buildRules = (
			);
			dependencies = (
				B213C3F9DA2BC8C06502287F /* PBXTargetDependency */,
			);
			name = NTFSMountManager;
			packageProductDependencies = (
				387AA4DBE0FBBEF7BD24A6E7 /* NTFSCore */,
			);
			productName = NTFSMountManager;
			productReference = D95B833D3F9CBB00BD401B92 /* NTFSMountManager.app */;
			productType = "com.apple.product-type.application";
		};
		2485D5A272EA9DB7B479260D /* ntfsctl */ = {
			isa = PBXNativeTarget;
			buildConfigurationList = 4A94394592847CBC8A4457F9 /* Build configuration list for PBXNativeTarget "ntfsctl" */;
			buildPhases = (
				4704142DB7367AE5B91FF6DE /* Sources */,
				A257354331660F691E77AA7D /* Frameworks */,
			);
			buildRules = (
			);
			dependencies = (
			);
			name = ntfsctl;
			packageProductDependencies = (
				361533FD035B11636B2B68D5 /* NTFSCore */,
				5FC03FBDA32B2A2E0CBB6A46 /* ArgumentParser */,
			);
			productName = ntfsctl;
			productReference = 09D3FC8C31A4FC193F55D32C /* ntfsctl */;
			productType = "com.apple.product-type.tool";
		};
		C999CC268F92FFEAC8204988 /* NTFSFileSystem */ = {
			isa = PBXNativeTarget;
			buildConfigurationList = 7A0E504463F0E56737A815C1 /* Build configuration list for PBXNativeTarget "NTFSFileSystem" */;
			buildPhases = (
				EFB7E945A325D5AD83EFD49E /* Sources */,
				6E230F67184CEC70CC8E174C /* Frameworks */,
			);
			buildRules = (
			);
			dependencies = (
			);
			name = NTFSFileSystem;
			packageProductDependencies = (
				EED6039FC9F604323FFB010D /* NTFSCore */,
			);
			productName = NTFSFileSystem;
			productReference = 82C835EDEC051811DFD41412 /* NTFSFileSystem.systemextension */;
			productType = "com.apple.product-type.system-extension";
		};
/* End PBXNativeTarget section */

/* Begin PBXProject section */
		E8487B47CC02CDDF6EA34958 /* Project object */ = {
			isa = PBXProject;
			attributes = {
				BuildIndependentTargetsInParallel = YES;
				LastUpgradeCheck = 1630;
				TargetAttributes = {
					1AE32544B7D0BD9E664FC9FE = {
						DevelopmentTeam = "";
						ProvisioningStyle = Automatic;
					};
					2485D5A272EA9DB7B479260D = {
						DevelopmentTeam = "";
						ProvisioningStyle = Automatic;
					};
					C999CC268F92FFEAC8204988 = {
						DevelopmentTeam = "";
						ProvisioningStyle = Automatic;
					};
				};
			};
			buildConfigurationList = FB2EA7E0E01DD0E4792A1421 /* Build configuration list for PBXProject "NTFSMountManager" */;
			developmentRegion = en;
			hasScannedForEncodings = 0;
			knownRegions = (
				Base,
				en,
			);
			mainGroup = 272ED651801774056685C147;
			minimizedProjectReferenceProxies = 1;
			packageReferences = (
				7D761D3355081F77909C4863 /* XCRemoteSwiftPackageReference "swift-argument-parser" */,
				4967F3E4688D9349D2468E18 /* XCLocalSwiftPackageReference "Packages/NTFSCore" */,
			);
			preferredProjectObjectVersion = 77;
			productRefGroup = 82BFF7C6E0671CB1D5FF1B9C /* Products */;
			projectDirPath = "";
			projectRoot = "";
			targets = (
				C999CC268F92FFEAC8204988 /* NTFSFileSystem */,
				1AE32544B7D0BD9E664FC9FE /* NTFSMountManager */,
				2485D5A272EA9DB7B479260D /* ntfsctl */,
			);
		};
/* End PBXProject section */

/* Begin PBXSourcesBuildPhase section */
		4704142DB7367AE5B91FF6DE /* Sources */ = {
			isa = PBXSourcesBuildPhase;
			buildActionMask = 2147483647;
			files = (
				BBB98DE04B189933E57E523D /* Cat.swift in Sources */,
				5F4936483FEF4613A8864F81 /* Create.swift in Sources */,
				11CB6DA3EB985C6BC4F34535 /* Delete.swift in Sources */,
				21A4A75C7F50E50DA8213556 /* Info.swift in Sources */,
				B2FACFD1EEA0B776368CEC67 /* List.swift in Sources */,
				55282FEDBAEF76F7172E5825 /* SetDirty.swift in Sources */,
				53A681659B3739644B432A50 /* Truncate.swift in Sources */,
				A283CF3E3376BC4686313635 /* Verify.swift in Sources */,
				F53D207E8209413C3BDB1B68 /* Write.swift in Sources */,
				AFE66833D21DBA777309099F /* ntfsctl.swift in Sources */,
			);
			runOnlyForDeploymentPostprocessing = 0;
		};
		62ABB4C4B000DD4B44FFC12B /* Sources */ = {
			isa = PBXSourcesBuildPhase;
			buildActionMask = 2147483647;
			files = (
				92E011B65ECD2625CB91AB5D /* ContentView.swift in Sources */,
				B5F713B3EF1B7FD8B544453A /* DiskArbitrationService.swift in Sources */,
				E85B1CC3E363F5D622512C91 /* ExtensionInstaller.swift in Sources */,
				4C09369A721D561465BF074A /* MenuBarContent.swift in Sources */,
				54C39871604C2B9CAAB241C4 /* NTFSMountManagerApp.swift in Sources */,
			);
			runOnlyForDeploymentPostprocessing = 0;
		};
		EFB7E945A325D5AD83EFD49E /* Sources */ = {
			isa = PBXSourcesBuildPhase;
			buildActionMask = 2147483647;
			files = (
				B9751912CAE0F2EA9A170F9E /* FSKitBlockDevice.swift in Sources */,
				CFB3B74CC0B795207981A6FC /* NTFSFileSystemExtension.swift in Sources */,
				A9E17066DF075F9BA303EAA2 /* NTFSItem.swift in Sources */,
				4132D3E45E6226359DF28725 /* NTFSUnaryFS.swift in Sources */,
				7D4143F793CD345F7651B4B1 /* NTFSVolume.swift in Sources */,
			);
			runOnlyForDeploymentPostprocessing = 0;
		};
/* End PBXSourcesBuildPhase section */

/* Begin PBXTargetDependency section */
		B213C3F9DA2BC8C06502287F /* PBXTargetDependency */ = {
			isa = PBXTargetDependency;
			target = C999CC268F92FFEAC8204988 /* NTFSFileSystem */;
			targetProxy = 5B8B4FFEACFBB632847119D9 /* PBXContainerItemProxy */;
		};
/* End PBXTargetDependency section */

/* Begin XCBuildConfiguration section */
		01C6C57E2C02ED996ABBE882 /* Debug */ = {
			isa = XCBuildConfiguration;
			buildSettings = {
				COMBINE_HIDPI_IMAGES = YES;
				LD_RUNPATH_SEARCH_PATHS = (
					"$(inherited)",
					"@executable_path/../Frameworks",
				);
				PRODUCT_BUNDLE_IDENTIFIER = "com.ntfs-tool.ntfsctl";
				SDKROOT = macosx;
				SWIFT_STRICT_CONCURRENCY = minimal;
				SWIFT_VERSION = 5;
			};
			name = Debug;
		};
		1D4DDA51B313665ADE94E086 /* Debug */ = {
			isa = XCBuildConfiguration;
			buildSettings = {
				CODE_SIGN_ENTITLEMENTS = Extensions/NTFSFileSystem/NTFSFileSystem.entitlements;
				COMBINE_HIDPI_IMAGES = YES;
				INFOPLIST_FILE = Extensions/NTFSFileSystem/Info.plist;
				LD_RUNPATH_SEARCH_PATHS = (
					"$(inherited)",
					"@executable_path/../Frameworks",
				);
				PRODUCT_BUNDLE_IDENTIFIER = "com.ntfs-tool.NTFSMountManager.NTFSFileSystem";
				SDKROOT = macosx;
				SWIFT_OPTIMIZATION_LEVEL = "-Onone";
				SWIFT_STRICT_CONCURRENCY = minimal;
				SWIFT_VERSION = 5;
			};
			name = Debug;
		};
		6A75E601008AB96C4A35A40D /* Debug */ = {
			isa = XCBuildConfiguration;
			buildSettings = {
				ALWAYS_SEARCH_USER_PATHS = NO;
				CLANG_ANALYZER_NONNULL = YES;
				CLANG_ANALYZER_NUMBER_OBJECT_CONVERSION = YES_AGGRESSIVE;
				CLANG_CXX_LANGUAGE_STANDARD = "gnu++14";
				CLANG_CXX_LIBRARY = "libc++";
				CLANG_ENABLE_MODULES = YES;
				CLANG_ENABLE_OBJC_ARC = YES;
				CLANG_ENABLE_OBJC_WEAK = YES;
				CLANG_WARN_BLOCK_CAPTURE_AUTORELEASING = YES;
				CLANG_WARN_BOOL_CONVERSION = YES;
				CLANG_WARN_COMMA = YES;
				CLANG_WARN_CONSTANT_CONVERSION = YES;
				CLANG_WARN_DEPRECATED_OBJC_IMPLEMENTATIONS = YES;
				CLANG_WARN_DIRECT_OBJC_ISA_USAGE = YES_ERROR;
				CLANG_WARN_DOCUMENTATION_COMMENTS = YES;
				CLANG_WARN_EMPTY_BODY = YES;
				CLANG_WARN_ENUM_CONVERSION = YES;
				CLANG_WARN_INFINITE_RECURSION = YES;
				CLANG_WARN_INT_CONVERSION = YES;
				CLANG_WARN_NON_LITERAL_NULL_CONVERSION = YES;
				CLANG_WARN_OBJC_IMPLICIT_RETAIN_SELF = YES;
				CLANG_WARN_OBJC_LITERAL_CONVERSION = YES;
				CLANG_WARN_OBJC_ROOT_CLASS = YES_ERROR;
				CLANG_WARN_QUOTED_INCLUDE_IN_FRAMEWORK_HEADER = YES;
				CLANG_WARN_RANGE_LOOP_ANALYSIS = YES;
				CLANG_WARN_STRICT_PROTOTYPES = YES;
				CLANG_WARN_SUSPICIOUS_MOVE = YES;
				CLANG_WARN_UNGUARDED_AVAILABILITY = YES_AGGRESSIVE;
				CLANG_WARN_UNREACHABLE_CODE = YES;
				CLANG_WARN__DUPLICATE_METHOD_MATCH = YES;
				CODE_SIGN_IDENTITY = "-";
				CODE_SIGN_STYLE = Automatic;
				COPY_PHASE_STRIP = NO;
				DEAD_CODE_STRIPPING = YES;
				DEBUG_INFORMATION_FORMAT = dwarf;
				DEVELOPMENT_TEAM = "";
				ENABLE_HARDENED_RUNTIME = YES;
				ENABLE_STRICT_OBJC_MSGSEND = YES;
				ENABLE_TESTABILITY = YES;
				GCC_C_LANGUAGE_STANDARD = gnu11;
				GCC_DYNAMIC_NO_PIC = NO;
				GCC_NO_COMMON_BLOCKS = YES;
				GCC_OPTIMIZATION_LEVEL = 0;
				GCC_PREPROCESSOR_DEFINITIONS = (
					"$(inherited)",
					"DEBUG=1",
				);
				GCC_WARN_64_TO_32_BIT_CONVERSION = YES;
				GCC_WARN_ABOUT_RETURN_TYPE = YES_ERROR;
				GCC_WARN_UNDECLARED_SELECTOR = YES;
				GCC_WARN_UNINITIALIZED_AUTOS = YES_AGGRESSIVE;
				GCC_WARN_UNUSED_FUNCTION = YES;
				GCC_WARN_UNUSED_VARIABLE = YES;
				MACOSX_DEPLOYMENT_TARGET = 15.4;
				MTL_ENABLE_DEBUG_INFO = INCLUDE_SOURCE;
				MTL_FAST_MATH = YES;
				ONLY_ACTIVE_ARCH = YES;
				PRODUCT_NAME = "$(TARGET_NAME)";
				SDKROOT = macosx;
				SWIFT_ACTIVE_COMPILATION_CONDITIONS = DEBUG;
				SWIFT_OPTIMIZATION_LEVEL = "-Onone";
				SWIFT_STRICT_CONCURRENCY = complete;
				SWIFT_VERSION = 6.0;
			};
			name = Debug;
		};
		7431E4CB7F1B8CF40361527A /* Release */ = {
			isa = XCBuildConfiguration;
			buildSettings = {
				ASSETCATALOG_COMPILER_APPICON_NAME = AppIcon;
				CODE_SIGN_ENTITLEMENTS = Apps/NTFSMountManager/NTFSMountManager.entitlements;
				COMBINE_HIDPI_IMAGES = YES;
				INFOPLIST_FILE = Apps/NTFSMountManager/Info.plist;
				INFOPLIST_KEY_LSUIElement = NO;
				LD_RUNPATH_SEARCH_PATHS = (
					"$(inherited)",
					"@executable_path/../Frameworks",
				);
				PRODUCT_BUNDLE_IDENTIFIER = "com.ntfs-tool.NTFSMountManager";
				SDKROOT = macosx;
			};
			name = Release;
		};
		83E0461B8044B9E24D466E95 /* Debug */ = {
			isa = XCBuildConfiguration;
			buildSettings = {
				ASSETCATALOG_COMPILER_APPICON_NAME = AppIcon;
				CODE_SIGN_ENTITLEMENTS = Apps/NTFSMountManager/NTFSMountManager.entitlements;
				COMBINE_HIDPI_IMAGES = YES;
				INFOPLIST_FILE = Apps/NTFSMountManager/Info.plist;
				INFOPLIST_KEY_LSUIElement = NO;
				LD_RUNPATH_SEARCH_PATHS = (
					"$(inherited)",
					"@executable_path/../Frameworks",
				);
				PRODUCT_BUNDLE_IDENTIFIER = "com.ntfs-tool.NTFSMountManager";
				SDKROOT = macosx;
			};
			name = Debug;
		};
		A9942471B94FC28AD00B8658 /* Release */ = {
			isa = XCBuildConfiguration;
			buildSettings = {
				CODE_SIGN_ENTITLEMENTS = Extensions/NTFSFileSystem/NTFSFileSystem.entitlements;
				COMBINE_HIDPI_IMAGES = YES;
				INFOPLIST_FILE = Extensions/NTFSFileSystem/Info.plist;
				LD_RUNPATH_SEARCH_PATHS = (
					"$(inherited)",
					"@executable_path/../Frameworks",
				);
				PRODUCT_BUNDLE_IDENTIFIER = "com.ntfs-tool.NTFSMountManager.NTFSFileSystem";
				SDKROOT = macosx;
				SWIFT_OPTIMIZATION_LEVEL = "-Onone";
				SWIFT_STRICT_CONCURRENCY = minimal;
				SWIFT_VERSION = 5;
			};
			name = Release;
		};
		D04D65D3E43A6D4A01BACC8D /* Release */ = {
			isa = XCBuildConfiguration;
			buildSettings = {
				ALWAYS_SEARCH_USER_PATHS = NO;
				CLANG_ANALYZER_NONNULL = YES;
				CLANG_ANALYZER_NUMBER_OBJECT_CONVERSION = YES_AGGRESSIVE;
				CLANG_CXX_LANGUAGE_STANDARD = "gnu++14";
				CLANG_CXX_LIBRARY = "libc++";
				CLANG_ENABLE_MODULES = YES;
				CLANG_ENABLE_OBJC_ARC = YES;
				CLANG_ENABLE_OBJC_WEAK = YES;
				CLANG_WARN_BLOCK_CAPTURE_AUTORELEASING = YES;
				CLANG_WARN_BOOL_CONVERSION = YES;
				CLANG_WARN_COMMA = YES;
				CLANG_WARN_CONSTANT_CONVERSION = YES;
				CLANG_WARN_DEPRECATED_OBJC_IMPLEMENTATIONS = YES;
				CLANG_WARN_DIRECT_OBJC_ISA_USAGE = YES_ERROR;
				CLANG_WARN_DOCUMENTATION_COMMENTS = YES;
				CLANG_WARN_EMPTY_BODY = YES;
				CLANG_WARN_ENUM_CONVERSION = YES;
				CLANG_WARN_INFINITE_RECURSION = YES;
				CLANG_WARN_INT_CONVERSION = YES;
				CLANG_WARN_NON_LITERAL_NULL_CONVERSION = YES;
				CLANG_WARN_OBJC_IMPLICIT_RETAIN_SELF = YES;
				CLANG_WARN_OBJC_LITERAL_CONVERSION = YES;
				CLANG_WARN_OBJC_ROOT_CLASS = YES_ERROR;
				CLANG_WARN_QUOTED_INCLUDE_IN_FRAMEWORK_HEADER = YES;
				CLANG_WARN_RANGE_LOOP_ANALYSIS = YES;
				CLANG_WARN_STRICT_PROTOTYPES = YES;
				CLANG_WARN_SUSPICIOUS_MOVE = YES;
				CLANG_WARN_UNGUARDED_AVAILABILITY = YES_AGGRESSIVE;
				CLANG_WARN_UNREACHABLE_CODE = YES;
				CLANG_WARN__DUPLICATE_METHOD_MATCH = YES;
				CODE_SIGN_IDENTITY = "-";
				CODE_SIGN_STYLE = Automatic;
				COPY_PHASE_STRIP = NO;
				DEAD_CODE_STRIPPING = YES;
				DEBUG_INFORMATION_FORMAT = "dwarf-with-dsym";
				DEVELOPMENT_TEAM = "";
				ENABLE_HARDENED_RUNTIME = YES;
				ENABLE_NS_ASSERTIONS = NO;
				ENABLE_STRICT_OBJC_MSGSEND = YES;
				GCC_C_LANGUAGE_STANDARD = gnu11;
				GCC_NO_COMMON_BLOCKS = YES;
				GCC_WARN_64_TO_32_BIT_CONVERSION = YES;
				GCC_WARN_ABOUT_RETURN_TYPE = YES_ERROR;
				GCC_WARN_UNDECLARED_SELECTOR = YES;
				GCC_WARN_UNINITIALIZED_AUTOS = YES_AGGRESSIVE;
				GCC_WARN_UNUSED_FUNCTION = YES;
				GCC_WARN_UNUSED_VARIABLE = YES;
				MACOSX_DEPLOYMENT_TARGET = 15.4;
				MTL_ENABLE_DEBUG_INFO = NO;
				MTL_FAST_MATH = YES;
				PRODUCT_NAME = "$(TARGET_NAME)";
				SDKROOT = macosx;
				SWIFT_COMPILATION_MODE = wholemodule;
				SWIFT_OPTIMIZATION_LEVEL = "-O";
				SWIFT_STRICT_CONCURRENCY = complete;
				SWIFT_VERSION = 6.0;
			};
			name = Release;
		};
		E9F4E22488EF790885A5C488 /* Release */ = {
			isa = XCBuildConfiguration;
			buildSettings = {
				COMBINE_HIDPI_IMAGES = YES;
				LD_RUNPATH_SEARCH_PATHS = (
					"$(inherited)",
					"@executable_path/../Frameworks",
				);
				PRODUCT_BUNDLE_IDENTIFIER = "com.ntfs-tool.ntfsctl";
				SDKROOT = macosx;
				SWIFT_STRICT_CONCURRENCY = minimal;
				SWIFT_VERSION = 5;
			};
			name = Release;
		};
/* End XCBuildConfiguration section */

/* Begin XCConfigurationList section */
		4A94394592847CBC8A4457F9 /* Build configuration list for PBXNativeTarget "ntfsctl" */ = {
			isa = XCConfigurationList;
			buildConfigurations = (
				01C6C57E2C02ED996ABBE882 /* Debug */,
				E9F4E22488EF790885A5C488 /* Release */,
			);
			defaultConfigurationIsVisible = 0;
			defaultConfigurationName = Debug;
		};
		7A0E504463F0E56737A815C1 /* Build configuration list for PBXNativeTarget "NTFSFileSystem" */ = {
			isa = XCConfigurationList;
			buildConfigurations = (
				1D4DDA51B313665ADE94E086 /* Debug */,
				A9942471B94FC28AD00B8658 /* Release */,
			);
			defaultConfigurationIsVisible = 0;
			defaultConfigurationName = Debug;
		};
		F8D917B78E23EE092A9ABE6B /* Build configuration list for PBXNativeTarget "NTFSMountManager" */ = {
			isa = XCConfigurationList;
			buildConfigurations = (
				83E0461B8044B9E24D466E95 /* Debug */,
				7431E4CB7F1B8CF40361527A /* Release */,
			);
			defaultConfigurationIsVisible = 0;
			defaultConfigurationName = Debug;
		};
		FB2EA7E0E01DD0E4792A1421 /* Build configuration list for PBXProject "NTFSMountManager" */ = {
			isa = XCConfigurationList;
			buildConfigurations = (
				6A75E601008AB96C4A35A40D /* Debug */,
				D04D65D3E43A6D4A01BACC8D /* Release */,
			);
			defaultConfigurationIsVisible = 0;
			defaultConfigurationName = Debug;
		};
/* End XCConfigurationList section */

/* Begin XCLocalSwiftPackageReference section */
		4967F3E4688D9349D2468E18 /* XCLocalSwiftPackageReference "Packages/NTFSCore" */ = {
			isa = XCLocalSwiftPackageReference;
			relativePath = Packages/NTFSCore;
		};
/* End XCLocalSwiftPackageReference section */

/* Begin XCRemoteSwiftPackageReference section */
		7D761D3355081F77909C4863 /* XCRemoteSwiftPackageReference "swift-argument-parser" */ = {
			isa = XCRemoteSwiftPackageReference;
			repositoryURL = "https://github.com/apple/swift-argument-parser.git";
			requirement = {
				kind = upToNextMajorVersion;
				minimumVersion = 1.3.0;
			};
		};
/* End XCRemoteSwiftPackageReference section */

/* Begin XCSwiftPackageProductDependency section */
		361533FD035B11636B2B68D5 /* NTFSCore */ = {
			isa = XCSwiftPackageProductDependency;
			productName = NTFSCore;
		};
		387AA4DBE0FBBEF7BD24A6E7 /* NTFSCore */ = {
			isa = XCSwiftPackageProductDependency;
			productName = NTFSCore;
		};
		5FC03FBDA32B2A2E0CBB6A46 /* ArgumentParser */ = {
			isa = XCSwiftPackageProductDependency;
			package = 7D761D3355081F77909C4863 /* XCRemoteSwiftPackageReference "swift-argument-parser" */;
			productName = ArgumentParser;
		};
		EED6039FC9F604323FFB010D /* NTFSCore */ = {
			isa = XCSwiftPackageProductDependency;
			productName = NTFSCore;
		};
/* End XCSwiftPackageProductDependency section */
	};
	rootObject = E8487B47CC02CDDF6EA34958 /* Project object */;
}
